// !$*UTF8*$!
{
	archiveVersion = 1;
	classes = {
	};
	objectVersion = 55;
	objects = {

/* Begin PBXBuildFile section */
		912A99AA273D2A4100118503 /* AppDelegate.swift in Sources */ = {isa = PBXBuildFile; fileRef = 912A99A9273D2A4100118503 /* AppDelegate.swift */; };
		912A99AC273D2A4100118503 /* SceneDelegate.swift in Sources */ = {isa = PBXBuildFile; fileRef = 912A99AB273D2A4100118503 /* SceneDelegate.swift */; };
		912A99AE273D2A4100118503 /* ViewController.swift in Sources */ = {isa = PBXBuildFile; fileRef = 912A99AD273D2A4100118503 /* ViewController.swift */; };
		912A99B1273D2A4100118503 /* Main.storyboard in Resources */ = {isa = PBXBuildFile; fileRef = 912A99AF273D2A4100118503 /* Main.storyboard */; };
		912A99B4273D2A4100118503 /* ImageDialog.xcdatamodeld in Sources */ = {isa = PBXBuildFile; fileRef = 912A99B2273D2A4100118503 /* ImageDialog.xcdatamodeld */; };
		912A99B6273D2A4400118503 /* Assets.xcassets in Resources */ = {isa = PBXBuildFile; fileRef = 912A99B5273D2A4400118503 /* Assets.xcassets */; };
		912A99B9273D2A4400118503 /* LaunchScreen.storyboard in Resources */ = {isa = PBXBuildFile; fileRef = 912A99B7273D2A4400118503 /* LaunchScreen.storyboard */; };
		912A99C4273D2A4500118503 /* ImageDialogTests.swift in Sources */ = {isa = PBXBuildFile; fileRef = 912A99C3273D2A4500118503 /* ImageDialogTests.swift */; };
		912A99CE273D2A4500118503 /* ImageDialogUITests.swift in Sources */ = {isa = PBXBuildFile; fileRef = 912A99CD273D2A4500118503 /* ImageDialogUITests.swift */; };
		912A99D0273D2A4500118503 /* ImageDialogUITestsLaunchTests.swift in Sources */ = {isa = PBXBuildFile; fileRef = 912A99CF273D2A4500118503 /* ImageDialogUITestsLaunchTests.swift */; };
		912A99DE273D2A9900118503 /* ImageDialogVC.swift in Sources */ = {isa = PBXBuildFile; fileRef = 912A99DC273D2A9900118503 /* ImageDialogVC.swift */; };
		912A99DF273D2A9900118503 /* ImageDialogVC.xib in Resources */ = {isa = PBXBuildFile; fileRef = 912A99DD273D2A9900118503 /* ImageDialogVC.xib */; };
/* End PBXBuildFile section */

/* Begin PBXContainerItemProxy section */
		912A99C0273D2A4500118503 /* PBXContainerItemProxy */ = {
			isa = PBXContainerItemProxy;
			containerPortal = 912A999E273D2A4100118503 /* Project object */;
			proxyType = 1;
			remoteGlobalIDString = 912A99A5273D2A4100118503;
			remoteInfo = ImageDialog;
		};
		912A99CA273D2A4500118503 /* PBXContainerItemProxy */ = {
			isa = PBXContainerItemProxy;
			containerPortal = 912A999E273D2A4100118503 /* Project object */;
			proxyType = 1;
			remoteGlobalIDString = 912A99A5273D2A4100118503;
			remoteInfo = ImageDialog;
		};
/* End PBXContainerItemProxy section */

/* Begin PBXFileReference section */
		912A99A6273D2A4100118503 /* ImageDialog.app */ = {isa = PBXFileReference; explicitFileType = wrapper.application; includeInIndex = 0; path = ImageDialog.app; sourceTree = BUILT_PRODUCTS_DIR; };
		912A99A9273D2A4100118503 /* AppDelegate.swift */ = {isa = PBXFileReference; lastKnownFileType = sourcecode.swift; path = AppDelegate.swift; sourceTree = "<group>"; };
		912A99AB273D2A4100118503 /* SceneDelegate.swift */ = {isa = PBXFileReference; lastKnownFileType = sourcecode.swift; path = SceneDelegate.swift; sourceTree = "<group>"; };
		912A99AD273D2A4100118503 /* ViewController.swift */ = {isa = PBXFileReference; lastKnownFileType = sourcecode.swift; path = ViewController.swift; sourceTree = "<group>"; };
		912A99B0273D2A4100118503 /* Base */ = {isa = PBXFileReference; lastKnownFileType = file.storyboard; name = Base; path = Base.lproj/Main.storyboard; sourceTree = "<group>"; };
		912A99B3273D2A4100118503 /* ImageDialog.xcdatamodel */ = {isa = PBXFileReference; lastKnownFileType = wrapper.xcdatamodel; path = ImageDialog.xcdatamodel; sourceTree = "<group>"; };
		912A99B5273D2A4400118503 /* Assets.xcassets */ = {isa = PBXFileReference; lastKnownFileType = folder.assetcatalog; path = Assets.xcassets; sourceTree = "<group>"; };
		912A99B8273D2A4400118503 /* Base */ = {isa = PBXFileReference; lastKnownFileType = file.storyboard; name = Base; path = Base.lproj/LaunchScreen.storyboard; sourceTree = "<group>"; };
		912A99BA273D2A4400118503 /* Info.plist */ = {isa = PBXFileReference; lastKnownFileType = text.plist.xml; path = Info.plist; sourceTree = "<group>"; };
		912A99BF273D2A4500118503 /* ImageDialogTests.xctest */ = {isa = PBXFileReference; explicitFileType = wrapper.cfbundle; includeInIndex = 0; path = ImageDialogTests.xctest; sourceTree = BUILT_PRODUCTS_DIR; };
		912A99C3273D2A4500118503 /* ImageDialogTests.swift */ = {isa = PBXFileReference; lastKnownFileType = sourcecode.swift; path = ImageDialogTests.swift; sourceTree = "<group>"; };
		912A99C9273D2A4500118503 /* ImageDialogUITests.xctest */ = {isa = PBXFileReference; explicitFileType = wrapper.cfbundle; includeInIndex = 0; path = ImageDialogUITests.xctest; sourceTree = BUILT_PRODUCTS_DIR; };
		912A99CD273D2A4500118503 /* ImageDialogUITests.swift */ = {isa = PBXFileReference; lastKnownFileType = sourcecode.swift; path = ImageDialogUITests.swift; sourceTree = "<group>"; };
		912A99CF273D2A4500118503 /* ImageDialogUITestsLaunchTests.swift */ = {isa = PBXFileReference; lastKnownFileType = sourcecode.swift; path = ImageDialogUITestsLaunchTests.swift; sourceTree = "<group>"; };
		912A99DC273D2A9900118503 /* ImageDialogVC.swift */ = {isa = PBXFileReference; lastKnownFileType = sourcecode.swift; path = ImageDialogVC.swift; sourceTree = "<group>"; };
		912A99DD273D2A9900118503 /* ImageDialogVC.xib */ = {isa = PBXFileReference; lastKnownFileType = file.xib; path = ImageDialogVC.xib; sourceTree = "<group>"; };
/* End PBXFileReference section */

/* Begin PBXFrameworksBuildPhase section */
		912A99A3273D2A4100118503 /* Frameworks */ = {
			isa = PBXFrameworksBuildPhase;
			buildActionMask = 2147483647;
			files = (
			);
			runOnlyForDeploymentPostprocessing = 0;
		};
		912A99BC273D2A4500118503 /* Frameworks */ = {
			isa = PBXFrameworksBuildPhase;
			buildActionMask = 2147483647;
			files = (
			);
			runOnlyForDeploymentPostprocessing = 0;
		};
		912A99C6273D2A4500118503 /* Frameworks */ = {
			isa = PBXFrameworksBuildPhase;
			buildActionMask = 2147483647;
			files = (
			);
			runOnlyForDeploymentPostprocessing = 0;
		};
/* End PBXFrameworksBuildPhase section */

/* Begin PBXGroup section */
		912A999D273D2A4100118503 = {
			isa = PBXGroup;
			children = (
				912A99A8273D2A4100118503 /* ImageDialog */,
				912A99C2273D2A4500118503 /* ImageDialogTests */,
				912A99CC273D2A4500118503 /* ImageDialogUITests */,
				912A99A7273D2A4100118503 /* Products */,
			);
			sourceTree = "<group>";
		};
		912A99A7273D2A4100118503 /* Products */ = {
			isa = PBXGroup;
			children = (
				912A99A6273D2A4100118503 /* ImageDialog.app */,
				912A99BF273D2A4500118503 /* ImageDialogTests.xctest */,
				912A99C9273D2A4500118503 /* ImageDialogUITests.xctest */,
			);
			name = Products;
			sourceTree = "<group>";
		};
		912A99A8273D2A4100118503 /* ImageDialog */ = {
			isa = PBXGroup;
			children = (
				912A99A9273D2A4100118503 /* AppDelegate.swift */,
				912A99AB273D2A4100118503 /* SceneDelegate.swift */,
				912A99AD273D2A4100118503 /* ViewController.swift */,
				912A99AF273D2A4100118503 /* Main.storyboard */,
				912A99DC273D2A9900118503 /* ImageDialogVC.swift */,
				912A99DD273D2A9900118503 /* ImageDialogVC.xib */,
				912A99B5273D2A4400118503 /* Assets.xcassets */,
				912A99B7273D2A4400118503 /* LaunchScreen.storyboard */,
				912A99BA273D2A4400118503 /* Info.plist */,
				912A99B2273D2A4100118503 /* ImageDialog.xcdatamodeld */,
			);
			path = ImageDialog;
			sourceTree = "<group>";
		};
		912A99C2273D2A4500118503 /* ImageDialogTests */ = {
			isa = PBXGroup;
			children = (
				912A99C3273D2A4500118503 /* ImageDialogTests.swift */,
			);
			path = ImageDialogTests;
			sourceTree = "<group>";
		};
		912A99CC273D2A4500118503 /* ImageDialogUITests */ = {
			isa = PBXGroup;
			children = (
				912A99CD273D2A4500118503 /* ImageDialogUITests.swift */,
				912A99CF273D2A4500118503 /* ImageDialogUITestsLaunchTests.swift */,
			);
			path = ImageDialogUITests;
			sourceTree = "<group>";
		};
/* End PBXGroup section */

/* Begin PBXNativeTarget section */
		912A99A5273D2A4100118503 /* ImageDialog */ = {
			isa = PBXNativeTarget;
			buildConfigurationList = 912A99D3273D2A4500118503 /* Build configuration list for PBXNativeTarget "ImageDialog" */;
			buildPhases = (
				912A99A2273D2A4100118503 /* Sources */,
				912A99A3273D2A4100118503 /* Frameworks */,
				912A99A4273D2A4100118503 /* Resources */,
			);
			buildRules = (
			);
			dependencies = (
			);
			name = ImageDialog;
			productName = ImageDialog;
			productReference = 912A99A6273D2A4100118503 /* ImageDialog.app */;
			productType = "com.apple.product-type.application";
		};
		912A99BE273D2A4500118503 /* ImageDialogTests */ = {
			isa = PBXNativeTarget;
			buildConfigurationList = 912A99D6273D2A4500118503 /* Build configuration list for PBXNativeTarget "ImageDialogTests" */;
			buildPhases = (
				912A99BB273D2A4500118503 /* Sources */,
				912A99BC273D2A4500118503 /* Frameworks */,
				912A99BD273D2A4500118503 /* Resources */,
			);
			buildRules = (
			);
			dependencies = (
				912A99C1273D2A4500118503 /* PBXTargetDependency */,
			);
			name = ImageDialogTests;
			productName = ImageDialogTests;
			productReference = 912A99BF273D2A4500118503 /* ImageDialogTests.xctest */;
			productType = "com.apple.product-type.bundle.unit-test";
		};
		912A99C8273D2A4500118503 /* ImageDialogUITests */ = {
			isa = PBXNativeTarget;
			buildConfigurationList = 912A99D9273D2A4500118503 /* Build configuration list for PBXNativeTarget "ImageDialogUITests" */;
			buildPhases = (
				912A99C5273D2A4500118503 /* Sources */,
				912A99C6273D2A4500118503 /* Frameworks */,
				912A99C7273D2A4500118503 /* Resources */,
			);
			buildRules = (
			);
			dependencies = (
				912A99CB273D2A4500118503 /* PBXTargetDependency */,
			);
			name = ImageDialogUITests;
			productName = ImageDialogUITests;
			productReference = 912A99C9273D2A4500118503 /* ImageDialogUITests.xctest */;
			productType = "com.apple.product-type.bundle.ui-testing";
		};
/* End PBXNativeTarget section */

/* Begin PBXProject section */
		912A999E273D2A4100118503 /* Project object */ = {
			isa = PBXProject;
			attributes = {
				BuildIndependentTargetsInParallel = 1;
				LastSwiftUpdateCheck = 1300;
				LastUpgradeCheck = 1300;
				TargetAttributes = {
					912A99A5273D2A4100118503 = {
						CreatedOnToolsVersion = 13.0;
					};
					912A99BE273D2A4500118503 = {
						CreatedOnToolsVersion = 13.0;
						TestTargetID = 912A99A5273D2A4100118503;
					};
					912A99C8273D2A4500118503 = {
						CreatedOnToolsVersion = 13.0;
						TestTargetID = 912A99A5273D2A4100118503;
					};
				};
			};
			buildConfigurationList = 912A99A1273D2A4100118503 /* Build configuration list for PBXProject "ImageDialog" */;
			compatibilityVersion = "Xcode 13.0";
			developmentRegion = en;
			hasScannedForEncodings = 0;
			knownRegions = (
				en,
				Base,
			);
			mainGroup = 912A999D273D2A4100118503;
			productRefGroup = 912A99A7273D2A4100118503 /* Products */;
			projectDirPath = "";
			projectRoot = "";
			targets = (
				912A99A5273D2A4100118503 /* ImageDialog */,
				912A99BE273D2A4500118503 /* ImageDialogTests */,
				912A99C8273D2A4500118503 /* ImageDialogUITests */,
			);
		};
/* End PBXProject section */

/* Begin PBXResourcesBuildPhase section */
		912A99A4273D2A4100118503 /* Resources */ = {
			isa = PBXResourcesBuildPhase;
			buildActionMask = 2147483647;
			files = (
				912A99B9273D2A4400118503 /* LaunchScreen.storyboard in Resources */,
				912A99B6273D2A4400118503 /* Assets.xcassets in Resources */,
				912A99DF273D2A9900118503 /* ImageDialogVC.xib in Resources */,
				912A99B1273D2A4100118503 /* Main.storyboard in Resources */,
			);
			runOnlyForDeploymentPostprocessing = 0;
		};
		912A99BD273D2A4500118503 /* Resources */ = {
			isa = PBXResourcesBuildPhase;
			buildActionMask = 2147483647;
			files = (
			);
			runOnlyForDeploymentPostprocessing = 0;
		};
		912A99C7273D2A4500118503 /* Resources */ = {
			isa = PBXResourcesBuildPhase;
			buildActionMask = 2147483647;
			files = (
			);
			runOnlyForDeploymentPostprocessing = 0;
		};
/* End PBXResourcesBuildPhase section */

/* Begin PBXSourcesBuildPhase section */
		912A99A2273D2A4100118503 /* Sources */ = {
			isa = PBXSourcesBuildPhase;
			buildActionMask = 2147483647;
			files = (
				912A99DE273D2A9900118503 /* ImageDialogVC.swift in Sources */,
				912A99AE273D2A4100118503 /* ViewController.swift in Sources */,
				912A99AA273D2A4100118503 /* AppDelegate.swift in Sources */,
				912A99AC273D2A4100118503 /* SceneDelegate.swift in Sources */,
				912A99B4273D2A4100118503 /* ImageDialog.xcdatamodeld in Sources */,
			);
			runOnlyForDeploymentPostprocessing = 0;
		};
		912A99BB273D2A4500118503 /* Sources */ = {
			isa = PBXSourcesBuildPhase;
			buildActionMask = 2147483647;
			files = (
				912A99C4273D2A4500118503 /* ImageDialogTests.swift in Sources */,
			);
			runOnlyForDeploymentPostprocessing = 0;
		};
		912A99C5273D2A4500118503 /* Sources */ = {
			isa = PBXSourcesBuildPhase;
			buildActionMask = 2147483647;
			files = (
				912A99D0273D2A4500118503 /* ImageDialogUITestsLaunchTests.swift in Sources */,
				912A99CE273D2A4500118503 /* ImageDialogUITests.swift in Sources */,
			);
			runOnlyForDeploymentPostprocessing = 0;
		};
/* End PBXSourcesBuildPhase section */

/* Begin PBXTargetDependency section */
		912A99C1273D2A4500118503 /* PBXTargetDependency */ = {
			isa = PBXTargetDependency;
			target = 912A99A5273D2A4100118503 /* ImageDialog */;
			targetProxy = 912A99C0273D2A4500118503 /* PBXContainerItemProxy */;
		};
		912A99CB273D2A4500118503 /* PBXTargetDependency */ = {
			isa = PBXTargetDependency;
			target = 912A99A5273D2A4100118503 /* ImageDialog */;
			targetProxy = 912A99CA273D2A4500118503 /* PBXContainerItemProxy */;
		};
/* End PBXTargetDependency section */

/* Begin PBXVariantGroup section */
		912A99AF273D2A4100118503 /* Main.storyboard */ = {
			isa = PBXVariantGroup;
			children = (
				912A99B0273D2A4100118503 /* Base */,
			);
			name = Main.storyboard;
			sourceTree = "<group>";
		};
		912A99B7273D2A4400118503 /* LaunchScreen.storyboard */ = {
			isa = PBXVariantGroup;
			children = (
				912A99B8273D2A4400118503 /* Base */,
			);
			name = LaunchScreen.storyboard;
			sourceTree = "<group>";
		};
/* End PBXVariantGroup section */

/* Begin XCBuildConfiguration section */
		912A99D1273D2A4500118503 /* Debug */ = {
			isa = XCBuildConfiguration;
			buildSettings = {
				ALWAYS_SEARCH_USER_PATHS = NO;
				CLANG_ANALYZER_NONNULL = YES;
				CLANG_ANALYZER_NUMBER_OBJECT_CONVERSION = YES_AGGRESSIVE;
				CLANG_CXX_LANGUAGE_STANDARD = "gnu++17";
				CLANG_CXX_LIBRARY = "libc++";
				CLANG_ENABLE_MODULES = YES;
				CLANG_ENABLE_OBJC_ARC = YES;
				CLANG_ENABLE_OBJC_WEAK = YES;
				CLANG_WARN_BLOCK_CAPTURE_AUTORELEASING = YES;
				CLANG_WARN_BOOL_CONVERSION = YES;
				CLANG_WARN_COMMA = YES;
				CLANG_WARN_CONSTANT_CONVERSION = YES;
				CLANG_WARN_DEPRECATED_OBJC_IMPLEMENTATIONS = YES;
				CLANG_WARN_DIRECT_OBJC_ISA_USAGE = YES_ERROR;
				CLANG_WARN_DOCUMENTATION_COMMENTS = YES;
				CLANG_WARN_EMPTY_BODY = YES;
				CLANG_WARN_ENUM_CONVERSION = YES;
				CLANG_WARN_INFINITE_RECURSION = YES;
				CLANG_WARN_INT_CONVERSION = YES;
				CLANG_WARN_NON_LITERAL_NULL_CONVERSION = YES;
				CLANG_WARN_OBJC_IMPLICIT_RETAIN_SELF = YES;
				CLANG_WARN_OBJC_LITERAL_CONVERSION = YES;
				CLANG_WARN_OBJC_ROOT_CLASS = YES_ERROR;
				CLANG_WARN_QUOTED_INCLUDE_IN_FRAMEWORK_HEADER = YES;
				CLANG_WARN_RANGE_LOOP_ANALYSIS = YES;
				CLANG_WARN_STRICT_PROTOTYPES = YES;
				CLANG_WARN_SUSPICIOUS_MOVE = YES;
				CLANG_WARN_UNGUARDED_AVAILABILITY = YES_AGGRESSIVE;
				CLANG_WARN_UNREACHABLE_CODE = YES;
				CLANG_WARN__DUPLICATE_METHOD_MATCH = YES;
				COPY_PHASE_STRIP = NO;
				DEBUG_INFORMATION_FORMAT = dwarf;
				ENABLE_STRICT_OBJC_MSGSEND = YES;
				ENABLE_TESTABILITY = YES;
				GCC_C_LANGUAGE_STANDARD = gnu11;
				GCC_DYNAMIC_NO_PIC = NO;
				GCC_NO_COMMON_BLOCKS = YES;
				GCC_OPTIMIZATION_LEVEL = 0;
				GCC_PREPROCESSOR_DEFINITIONS = (
					"DEBUG=1",
					"$(inherited)",
				);
				GCC_WARN_64_TO_32_BIT_CONVERSION = YES;
				GCC_WARN_ABOUT_RETURN_TYPE = YES_ERROR;
				GCC_WARN_UNDECLARED_SELECTOR = YES;
				GCC_WARN_UNINITIALIZED_AUTOS = YES_AGGRESSIVE;
				GCC_WARN_UNUSED_FUNCTION = YES;
				GCC_WARN_UNUSED_VARIABLE = YES;
				IPHONEOS_DEPLOYMENT_TARGET = 15.0;
				MTL_ENABLE_DEBUG_INFO = INCLUDE_SOURCE;
				MTL_FAST_MATH = YES;
				ONLY_ACTIVE_ARCH = YES;
				SDKROOT = iphoneos;
				SWIFT_ACTIVE_COMPILATION_CONDITIONS = DEBUG;
				SWIFT_OPTIMIZATION_LEVEL = "-Onone";
			};
			name = Debug;
		};
		912A99D2273D2A4500118503 /* Release */ = {
			isa = XCBuildConfiguration;
			buildSettings = {
				ALWAYS_SEARCH_USER_PATHS = NO;
				CLANG_ANALYZER_NONNULL = YES;
				CLANG_ANALYZER_NUMBER_OBJECT_CONVERSION = YES_AGGRESSIVE;
				CLANG_CXX_LANGUAGE_STANDARD = "gnu++17";
				CLANG_CXX_LIBRARY = "libc++";
				CLANG_ENABLE_MODULES = YES;
				CLANG_ENABLE_OBJC_ARC = YES;
				CLANG_ENABLE_OBJC_WEAK = YES;
				CLANG_WARN_BLOCK_CAPTURE_AUTORELEASING = YES;
				CLANG_WARN_BOOL_CONVERSION = YES;
				CLANG_WARN_COMMA = YES;
				CLANG_WARN_CONSTANT_CONVERSION = YES;
				CLANG_WARN_DEPRECATED_OBJC_IMPLEMENTATIONS = YES;
				CLANG_WARN_DIRECT_OBJC_ISA_USAGE = YES_ERROR;
				CLANG_WARN_DOCUMENTATION_COMMENTS = YES;
				CLANG_WARN_EMPTY_BODY = YES;
				CLANG_WARN_ENUM_CONVERSION = YES;
				CLANG_WARN_INFINITE_RECURSION = YES;
				CLANG_WARN_INT_CONVERSION = YES;
				CLANG_WARN_NON_LITERAL_NULL_CONVERSION = YES;
				CLANG_WARN_OBJC_IMPLICIT_RETAIN_SELF = YES;
				CLANG_WARN_OBJC_LITERAL_CONVERSION = YES;
				CLANG_WARN_OBJC_ROOT_CLASS = YES_ERROR;
				CLANG_WARN_QUOTED_INCLUDE_IN_FRAMEWORK_HEADER = YES;
				CLANG_WARN_RANGE_LOOP_ANALYSIS = YES;
				CLANG_WARN_STRICT_PROTOTYPES = YES;
				CLANG_WARN_SUSPICIOUS_MOVE = YES;
				CLANG_WARN_UNGUARDED_AVAILABILITY = YES_AGGRESSIVE;
				CLANG_WARN_UNREACHABLE_CODE = YES;
				CLANG_WARN__DUPLICATE_METHOD_MATCH = YES;
				COPY_PHASE_STRIP = NO;
				DEBUG_INFORMATION_FORMAT = "dwarf-with-dsym";
				ENABLE_NS_ASSERTIONS = NO;
				ENABLE_STRICT_OBJC_MSGSEND = YES;
				GCC_C_LANGUAGE_STANDARD = gnu11;
				GCC_NO_COMMON_BLOCKS = YES;
				GCC_WARN_64_TO_32_BIT_CONVERSION = YES;
				GCC_WARN_ABOUT_RETURN_TYPE = YES_ERROR;
				GCC_WARN_UNDECLARED_SELECTOR = YES;
				GCC_WARN_UNINITIALIZED_AUTOS = YES_AGGRESSIVE;
				GCC_WARN_UNUSED_FUNCTION = YES;
				GCC_WARN_UNUSED_VARIABLE = YES;
				IPHONEOS_DEPLOYMENT_TARGET = 15.0;
				MTL_ENABLE_DEBUG_INFO = NO;
				MTL_FAST_MATH = YES;
				SDKROOT = iphoneos;
				SWIFT_COMPILATION_MODE = wholemodule;
				SWIFT_OPTIMIZATION_LEVEL = "-O";
				VALIDATE_PRODUCT = YES;
			};
			name = Release;
		};
		912A99D4273D2A4500118503 /* Debug */ = {
			isa = XCBuildConfiguration;
			buildSettings = {
				ASSETCATALOG_COMPILER_APPICON_NAME = AppIcon;
				ASSETCATALOG_COMPILER_GLOBAL_ACCENT_COLOR_NAME = AccentColor;
				CODE_SIGN_STYLE = Automatic;
				CURRENT_PROJECT_VERSION = 1;
				DEVELOPMENT_TEAM = FX4W6W4PG4;
				GENERATE_INFOPLIST_FILE = YES;
				INFOPLIST_FILE = ImageDialog/Info.plist;
				INFOPLIST_KEY_UIApplicationSupportsIndirectInputEvents = YES;
				INFOPLIST_KEY_UILaunchStoryboardName = LaunchScreen;
				INFOPLIST_KEY_UIMainStoryboardFile = Main;
				INFOPLIST_KEY_UISupportedInterfaceOrientations_iPad = "UIInterfaceOrientationPortrait UIInterfaceOrientationPortraitUpsideDown UIInterfaceOrientationLandscapeLeft UIInterfaceOrientationLandscapeRight";
				INFOPLIST_KEY_UISupportedInterfaceOrientations_iPhone = "UIInterfaceOrientationPortrait UIInterfaceOrientationLandscapeLeft UIInterfaceOrientationLandscapeRight";
				LD_RUNPATH_SEARCH_PATHS = (
					"$(inherited)",
					"@executable_path/Frameworks",
				);
				MARKETING_VERSION = 1.0;
				PRODUCT_BUNDLE_IDENTIFIER = yishuan.ImageDialog;
				PRODUCT_NAME = "$(TARGET_NAME)";
				SWIFT_EMIT_LOC_STRINGS = YES;
				SWIFT_VERSION = 5.0;
				TARGETED_DEVICE_FAMILY = "1,2";
			};
			name = Debug;
		};
		912A99D5273D2A4500118503 /* Release */ = {
			isa = XCBuildConfiguration;
			buildSettings = {
				ASSETCATALOG_COMPILER_APPICON_NAME = AppIcon;
				ASSETCATALOG_COMPILER_GLOBAL_ACCENT_COLOR_NAME = AccentColor;
				CODE_SIGN_STYLE = Automatic;
				CURRENT_PROJECT_VERSION = 1;
				DEVELOPMENT_TEAM = FX4W6W4PG4;
				GENERATE_INFOPLIST_FILE = YES;
				INFOPLIST_FILE = ImageDialog/Info.plist;
				INFOPLIST_KEY_UIApplicationSupportsIndirectInputEvents = YES;
				INFOPLIST_KEY_UILaunchStoryboardName = LaunchScreen;
				INFOPLIST_KEY_UIMainStoryboardFile = Main;
				INFOPLIST_KEY_UISupportedInterfaceOrientations_iPad = "UIInterfaceOrientationPortrait UIInterfaceOrientationPortraitUpsideDown UIInterfaceOrientationLandscapeLeft UIInterfaceOrientationLandscapeRight";
				INFOPLIST_KEY_UISupportedInterfaceOrientations_iPhone = "UIInterfaceOrientationPortrait UIInterfaceOrientationLandscapeLeft UIInterfaceOrientationLandscapeRight";
				LD_RUNPATH_SEARCH_PATHS = (
					"$(inherited)",
					"@executable_path/Frameworks",
				);
				MARKETING_VERSION = 1.0;
				PRODUCT_BUNDLE_IDENTIFIER = yishuan.ImageDialog;
				PRODUCT_NAME = "$(TARGET_NAME)";
				SWIFT_EMIT_LOC_STRINGS = YES;
				SWIFT_VERSION = 5.0;
				TARGETED_DEVICE_FAMILY = "1,2";
			};
			name = Release;
		};
		912A99D7273D2A4500118503 /* Debug */ = {
			isa = XCBuildConfiguration;
			buildSettings = {
				ALWAYS_EMBED_SWIFT_STANDARD_LIBRARIES = YES;
				BUNDLE_LOADER = "$(TEST_HOST)";
				CODE_SIGN_STYLE = Automatic;
				CURRENT_PROJECT_VERSION = 1;
				DEVELOPMENT_TEAM = FX4W6W4PG4;
				GENERATE_INFOPLIST_FILE = YES;
				IPHONEOS_DEPLOYMENT_TARGET = 15.0;
				LD_RUNPATH_SEARCH_PATHS = (
					"$(inherited)",
					"@executable_path/Frameworks",
					"@loader_path/Frameworks",
				);
				MARKETING_VERSION = 1.0;
				PRODUCT_BUNDLE_IDENTIFIER = yishuan.ImageDialogTests;
				PRODUCT_NAME = "$(TARGET_NAME)";
				SWIFT_EMIT_LOC_STRINGS = NO;
				SWIFT_VERSION = 5.0;
				TARGETED_DEVICE_FAMILY = "1,2";
				TEST_HOST = "$(BUILT_PRODUCTS_DIR)/ImageDialog.app/ImageDialog";
			};
			name = Debug;
		};
		912A99D8273D2A4500118503 /* Release */ = {
			isa = XCBuildConfiguration;
			buildSettings = {
				ALWAYS_EMBED_SWIFT_STANDARD_LIBRARIES = YES;
				BUNDLE_LOADER = "$(TEST_HOST)";
				CODE_SIGN_STYLE = Automatic;
				CURRENT_PROJECT_VERSION = 1;
				DEVELOPMENT_TEAM = FX4W6W4PG4;
				GENERATE_INFOPLIST_FILE = YES;
				IPHONEOS_DEPLOYMENT_TARGET = 15.0;
				LD_RUNPATH_SEARCH_PATHS = (
					"$(inherited)",
					"@executable_path/Frameworks",
					"@loader_path/Frameworks",
				);
				MARKETING_VERSION = 1.0;
				PRODUCT_BUNDLE_IDENTIFIER = yishuan.ImageDialogTests;
				PRODUCT_NAME = "$(TARGET_NAME)";
				SWIFT_EMIT_LOC_STRINGS = NO;
				SWIFT_VERSION = 5.0;
				TARGETED_DEVICE_FAMILY = "1,2";
				TEST_HOST = "$(BUILT_PRODUCTS_DIR)/ImageDialog.app/ImageDialog";
			};
			name = Release;
		};
		912A99DA273D2A4500118503 /* Debug */ = {
			isa = XCBuildConfiguration;
			buildSettings = {
				ALWAYS_EMBED_SWIFT_STANDARD_LIBRARIES = YES;
				CODE_SIGN_STYLE = Automatic;
				CURRENT_PROJECT_VERSION = 1;
				DEVELOPMENT_TEAM = FX4W6W4PG4;
				GENERATE_INFOPLIST_FILE = YES;
				LD_RUNPATH_SEARCH_PATHS = (
					"$(inherited)",
					"@executable_path/Frameworks",
					"@loader_path/Frameworks",
				);
				MARKETING_VERSION = 1.0;
				PRODUCT_BUNDLE_IDENTIFIER = yishuan.ImageDialogUITests;
				PRODUCT_NAME = "$(TARGET_NAME)";
				SWIFT_EMIT_LOC_STRINGS = NO;
				SWIFT_VERSION = 5.0;
				TARGETED_DEVICE_FAMILY = "1,2";
				TEST_TARGET_NAME = ImageDialog;
			};
			name = Debug;
		};
		912A99DB273D2A4500118503 /* Release */ = {
			isa = XCBuildConfiguration;
			buildSettings = {
				ALWAYS_EMBED_SWIFT_STANDARD_LIBRARIES = YES;
				CODE_SIGN_STYLE = Automatic;
				CURRENT_PROJECT_VERSION = 1;
				DEVELOPMENT_TEAM = FX4W6W4PG4;
				GENERATE_INFOPLIST_FILE = YES;
				LD_RUNPATH_SEARCH_PATHS = (
					"$(inherited)",
					"@executable_path/Frameworks",
					"@loader_path/Frameworks",
				);
				MARKETING_VERSION = 1.0;
				PRODUCT_BUNDLE_IDENTIFIER = yishuan.ImageDialogUITests;
				PRODUCT_NAME = "$(TARGET_NAME)";
				SWIFT_EMIT_LOC_STRINGS = NO;
				SWIFT_VERSION = 5.0;
				TARGETED_DEVICE_FAMILY = "1,2";
				TEST_TARGET_NAME = ImageDialog;
			};
			name = Release;
		};
/* End XCBuildConfiguration section */

/* Begin XCConfigurationList section */
		912A99A1273D2A4100118503 /* Build configuration list for PBXProject "ImageDialog" */ = {
			isa = XCConfigurationList;
			buildConfigurations = (
				912A99D1273D2A4500118503 /* Debug */,
				912A99D2273D2A4500118503 /* Release */,
			);
			defaultConfigurationIsVisible = 0;
			defaultConfigurationName = Release;
		};
		912A99D3273D2A4500118503 /* Build configuration list for PBXNativeTarget "ImageDialog" */ = {
			isa = XCConfigurationList;
			buildConfigurations = (
				912A99D4273D2A4500118503 /* Debug */,
				912A99D5273D2A4500118503 /* Release */,
			);
			defaultConfigurationIsVisible = 0;
			defaultConfigurationName = Release;
		};
		912A99D6273D2A4500118503 /* Build configuration list for PBXNativeTarget "ImageDialogTests" */ = {
			isa = XCConfigurationList;
			buildConfigurations = (
				912A99D7273D2A4500118503 /* Debug */,
				912A99D8273D2A4500118503 /* Release */,
			);
			defaultConfigurationIsVisible = 0;
			defaultConfigurationName = Release;
		};
		912A99D9273D2A4500118503 /* Build configuration list for PBXNativeTarget "ImageDialogUITests" */ = {
			isa = XCConfigurationList;
			buildConfigurations = (
				912A99DA273D2A4500118503 /* Debug */,
				912A99DB273D2A4500118503 /* Release */,
			);
			defaultConfigurationIsVisible = 0;
			defaultConfigurationName = Release;
		};
/* End XCConfigurationList section */

/* Begin XCVersionGroup section */
		912A99B2273D2A4100118503 /* ImageDialog.xcdatamodeld */ = {
			isa = XCVersionGroup;
			children = (
				912A99B3273D2A4100118503 /* ImageDialog.xcdatamodel */,
			);
			currentVersion = 912A99B3273D2A4100118503 /* ImageDialog.xcdatamodel */;
			path = ImageDialog.xcdatamodeld;
			sourceTree = "<group>";
			versionGroupType = wrapper.xcdatamodel;
		};
/* End XCVersionGroup section */
	};
	rootObject = 912A999E273D2A4100118503 /* Project object */;
}
